
Microsoft Visual Studio Solution File, Format Version 12.00
# Visual Studio Version 17
VisualStudioVersion = 17.9.34714.143
MinimumVisualStudioVersion = 10.0.40219.1
Project("{FAE04EC0-301F-11D3-BF4B-00C04F79EFBC}") = "PaulSound_VideoCallMessenger", "PaulSound_VideoCallMessenger\PaulSound_VideoCallMessenger.csproj", "{4ED63E2E-254E-406C-BE84-3953BC1763F8}"
EndProject
Global
	GlobalSection(SolutionConfigurationPlatforms) = preSolution
		Debug|Any CPU = Debug|Any CPU
		Release|Any CPU = Release|Any CPU
	EndGlobalSection
	GlobalSection(ProjectConfigurationPlatforms) = postSolution
		{4ED63E2E-254E-406C-BE84-3953BC1763F8}.Debug|Any CPU.ActiveCfg = Debug|Any CPU
		{4ED63E2E-254E-406C-BE84-3953BC1763F8}.Debug|Any CPU.Build.0 = Debug|Any CPU
		{4ED63E2E-254E-406C-BE84-3953BC1763F8}.Release|Any CPU.ActiveCfg = Release|Any CPU
		{4ED63E2E-254E-406C-BE84-3953BC1763F8}.Release|Any CPU.Build.0 = Release|Any CPU
	EndGlobalSection
	GlobalSection(SolutionProperties) = preSolution
		HideSolutionNode = FALSE
	EndGlobalSection
	GlobalSection(ExtensibilityGlobals) = postSolution
		SolutionGuid = {6B87968E-7003-489A-812B-CA56A808C8F2}
	EndGlobalSection
EndGlobal
